
Microsoft Visual Studio Solution File, Format Version 12.00
# Visual Studio Version 17
VisualStudioVersion = 17.1.31903.286
MinimumVisualStudioVersion = 10.0.40219.1
Project("{FAE04EC0-301F-11D3-BF4B-00C04F79EFBC}") = "ExtractDataFromKusto", "ExtractDataFromKusto\ExtractDataFromKusto.csproj", "{744AA7F5-1AE4-4441-8059-3484087C8491}"
EndProject
Global
	GlobalSection(SolutionConfigurationPlatforms) = preSolution
		Debug|Any CPU = Debug|Any CPU
		Release|Any CPU = Release|Any CPU
	EndGlobalSection
	GlobalSection(ProjectConfigurationPlatforms) = postSolution
		{744AA7F5-1AE4-4441-8059-3484087C8491}.Debug|Any CPU.ActiveCfg = Debug|Any CPU
		{744AA7F5-1AE4-4441-8059-3484087C8491}.Debug|Any CPU.Build.0 = Debug|Any CPU
		{744AA7F5-1AE4-4441-8059-3484087C8491}.Release|Any CPU.ActiveCfg = Release|Any CPU
		{744AA7F5-1AE4-4441-8059-3484087C8491}.Release|Any CPU.Build.0 = Release|Any CPU
	EndGlobalSection
	GlobalSection(SolutionProperties) = preSolution
		HideSolutionNode = FALSE
	EndGlobalSection
	GlobalSection(ExtensibilityGlobals) = postSolution
		SolutionGuid = {99F4E077-E524-4761-8943-4B19CEBA8425}
	EndGlobalSection
EndGlobal
